// !$*UTF8*$!
{
	archiveVersion = 1;
	classes = {
	};
	objectVersion = 55;
	objects = {

/* Begin PBXBuildFile section */
		D16445EC2713563500902AB1 /* AppDelegate.swift in Sources */ = {isa = PBXBuildFile; fileRef = D16445EB2713563500902AB1 /* AppDelegate.swift */; };
		D16445EE2713563500902AB1 /* SceneDelegate.swift in Sources */ = {isa = PBXBuildFile; fileRef = D16445ED2713563500902AB1 /* SceneDelegate.swift */; };
		D16445F52713563800902AB1 /* Assets.xcassets in Resources */ = {isa = PBXBuildFile; fileRef = D16445F42713563800902AB1 /* Assets.xcassets */; };
		D16445F82713563800902AB1 /* LaunchScreen.storyboard in Resources */ = {isa = PBXBuildFile; fileRef = D16445F62713563800902AB1 /* LaunchScreen.storyboard */; };
		D16446052713575800902AB1 /* CompositionalLayoutViewController.swift in Sources */ = {isa = PBXBuildFile; fileRef = D16446042713575800902AB1 /* CompositionalLayoutViewController.swift */; };
		D16446072713578900902AB1 /* CollectionViewCell.swift in Sources */ = {isa = PBXBuildFile; fileRef = D16446062713578900902AB1 /* CollectionViewCell.swift */; };
		D16446092713580500902AB1 /* Photo.swift in Sources */ = {isa = PBXBuildFile; fileRef = D16446082713580500902AB1 /* Photo.swift */; };
		D19C42F42725E3EB00D35928 /* PhotoGalleryModel.swift in Sources */ = {isa = PBXBuildFile; fileRef = D19C42F32725E3EB00D35928 /* PhotoGalleryModel.swift */; };
		D19C42F72725E5CA00D35928 /* TableViewLoadingData.swift in Sources */ = {isa = PBXBuildFile; fileRef = D19C42F62725E5CA00D35928 /* TableViewLoadingData.swift */; };
/* End PBXBuildFile section */

/* Begin PBXFileReference section */
		D16445E82713563500902AB1 /* Task7UICollectionView(optional).app */ = {isa = PBXFileReference; explicitFileType = wrapper.application; includeInIndex = 0; path = "Task7UICollectionView(optional).app"; sourceTree = BUILT_PRODUCTS_DIR; };
		D16445EB2713563500902AB1 /* AppDelegate.swift */ = {isa = PBXFileReference; lastKnownFileType = sourcecode.swift; path = AppDelegate.swift; sourceTree = "<group>"; };
		D16445ED2713563500902AB1 /* SceneDelegate.swift */ = {isa = PBXFileReference; lastKnownFileType = sourcecode.swift; path = SceneDelegate.swift; sourceTree = "<group>"; };
		D16445F42713563800902AB1 /* Assets.xcassets */ = {isa = PBXFileReference; lastKnownFileType = folder.assetcatalog; path = Assets.xcassets; sourceTree = "<group>"; };
		D16445F72713563800902AB1 /* Base */ = {isa = PBXFileReference; lastKnownFileType = file.storyboard; name = Base; path = Base.lproj/LaunchScreen.storyboard; sourceTree = "<group>"; };
		D16445F92713563800902AB1 /* Info.plist */ = {isa = PBXFileReference; lastKnownFileType = text.plist.xml; path = Info.plist; sourceTree = "<group>"; };
		D16446042713575800902AB1 /* CompositionalLayoutViewController.swift */ = {isa = PBXFileReference; lastKnownFileType = sourcecode.swift; path = CompositionalLayoutViewController.swift; sourceTree = "<group>"; };
		D16446062713578900902AB1 /* CollectionViewCell.swift */ = {isa = PBXFileReference; lastKnownFileType = sourcecode.swift; path = CollectionViewCell.swift; sourceTree = "<group>"; };
		D16446082713580500902AB1 /* Photo.swift */ = {isa = PBXFileReference; lastKnownFileType = sourcecode.swift; path = Photo.swift; sourceTree = "<group>"; };
		D19C42F32725E3EB00D35928 /* PhotoGalleryModel.swift */ = {isa = PBXFileReference; lastKnownFileType = sourcecode.swift; path = PhotoGalleryModel.swift; sourceTree = "<group>"; };
		D19C42F62725E5CA00D35928 /* TableViewLoadingData.swift */ = {isa = PBXFileReference; lastKnownFileType = sourcecode.swift; path = TableViewLoadingData.swift; sourceTree = "<group>"; };
/* End PBXFileReference section */

/* Begin PBXFrameworksBuildPhase section */
		D16445E52713563500902AB1 /* Frameworks */ = {
			isa = PBXFrameworksBuildPhase;
			buildActionMask = 2147483647;
			files = (
			);
			runOnlyForDeploymentPostprocessing = 0;
		};
/* End PBXFrameworksBuildPhase section */

/* Begin PBXGroup section */
		D16445DF2713563500902AB1 = {
			isa = PBXGroup;
			children = (
				D16445EA2713563500902AB1 /* Task7UICollectionView(optional) */,
				D16445E92713563500902AB1 /* Products */,
			);
			sourceTree = "<group>";
		};
		D16445E92713563500902AB1 /* Products */ = {
			isa = PBXGroup;
			children = (
				D16445E82713563500902AB1 /* Task7UICollectionView(optional).app */,
			);
			name = Products;
			sourceTree = "<group>";
		};
		D16445EA2713563500902AB1 /* Task7UICollectionView(optional) */ = {
			isa = PBXGroup;
			children = (
				D1644600271356CB00902AB1 /* Model */,
				D1644601271356D500902AB1 /* View */,
				D16445FF271356C300902AB1 /* Controller */,
				D19C42F52725E4D200D35928 /* Protocols */,
				D16446022713570600902AB1 /* App */,
				D16446032713571500902AB1 /* Resource */,
				D16445F92713563800902AB1 /* Info.plist */,
			);
			path = "Task7UICollectionView(optional)";
			sourceTree = "<group>";
		};
		D16445FF271356C300902AB1 /* Controller */ = {
			isa = PBXGroup;
			children = (
				D16446042713575800902AB1 /* CompositionalLayoutViewController.swift */,
			);
			path = Controller;
			sourceTree = "<group>";
		};
		D1644600271356CB00902AB1 /* Model */ = {
			isa = PBXGroup;
			children = (
				D16446082713580500902AB1 /* Photo.swift */,
				D19C42F32725E3EB00D35928 /* PhotoGalleryModel.swift */,
			);
			path = Model;
			sourceTree = "<group>";
		};
		D1644601271356D500902AB1 /* View */ = {
			isa = PBXGroup;
			children = (
				D16446062713578900902AB1 /* CollectionViewCell.swift */,
			);
			path = View;
			sourceTree = "<group>";
		};
		D16446022713570600902AB1 /* App */ = {
			isa = PBXGroup;
			children = (
				D16445EB2713563500902AB1 /* AppDelegate.swift */,
				D16445ED2713563500902AB1 /* SceneDelegate.swift */,
			);
			path = App;
			sourceTree = "<group>";
		};
		D16446032713571500902AB1 /* Resource */ = {
			isa = PBXGroup;
			children = (
				D16445F42713563800902AB1 /* Assets.xcassets */,
				D16445F62713563800902AB1 /* LaunchScreen.storyboard */,
			);
			path = Resource;
			sourceTree = "<group>";
		};
		D19C42F52725E4D200D35928 /* Protocols */ = {
			isa = PBXGroup;
			children = (
				D19C42F62725E5CA00D35928 /* TableViewLoadingData.swift */,
			);
			path = Protocols;
			sourceTree = "<group>";
		};
/* End PBXGroup section */

/* Begin PBXNativeTarget section */
		D16445E72713563500902AB1 /* Task7UICollectionView(optional) */ = {
			isa = PBXNativeTarget;
			buildConfigurationList = D16445FC2713563800902AB1 /* Build configuration list for PBXNativeTarget "Task7UICollectionView(optional)" */;
			buildPhases = (
				D16445E42713563500902AB1 /* Sources */,
				D16445E52713563500902AB1 /* Frameworks */,
				D16445E62713563500902AB1 /* Resources */,
			);
			buildRules = (
			);
			dependencies = (
			);
			name = "Task7UICollectionView(optional)";
			productName = "Task7UICollectionView(optional)";
			productReference = D16445E82713563500902AB1 /* Task7UICollectionView(optional).app */;
			productType = "com.apple.product-type.application";
		};
/* End PBXNativeTarget section */

/* Begin PBXProject section */
		D16445E02713563500902AB1 /* Project object */ = {
			isa = PBXProject;
			attributes = {
				BuildIndependentTargetsInParallel = 1;
				LastSwiftUpdateCheck = 1300;
				LastUpgradeCheck = 1300;
				TargetAttributes = {
					D16445E72713563500902AB1 = {
						CreatedOnToolsVersion = 13.0;
					};
				};
			};
			buildConfigurationList = D16445E32713563500902AB1 /* Build configuration list for PBXProject "Task7UICollectionView(optional)" */;
			compatibilityVersion = "Xcode 13.0";
			developmentRegion = en;
			hasScannedForEncodings = 0;
			knownRegions = (
				en,
				Base,
			);
			mainGroup = D16445DF2713563500902AB1;
			productRefGroup = D16445E92713563500902AB1 /* Products */;
			projectDirPath = "";
			projectRoot = "";
			targets = (
				D16445E72713563500902AB1 /* Task7UICollectionView(optional) */,
			);
		};
/* End PBXProject section */

/* Begin PBXResourcesBuildPhase section */
		D16445E62713563500902AB1 /* Resources */ = {
			isa = PBXResourcesBuildPhase;
			buildActionMask = 2147483647;
			files = (
				D16445F82713563800902AB1 /* LaunchScreen.storyboard in Resources */,
				D16445F52713563800902AB1 /* Assets.xcassets in Resources */,
			);
			runOnlyForDeploymentPostprocessing = 0;
		};
/* End PBXResourcesBuildPhase section */

/* Begin PBXSourcesBuildPhase section */
		D16445E42713563500902AB1 /* Sources */ = {
			isa = PBXSourcesBuildPhase;
			buildActionMask = 2147483647;
			files = (
				D16446052713575800902AB1 /* CompositionalLayoutViewController.swift in Sources */,
				D16445EC2713563500902AB1 /* AppDelegate.swift in Sources */,
				D19C42F72725E5CA00D35928 /* TableViewLoadingData.swift in Sources */,
				D16446072713578900902AB1 /* CollectionViewCell.swift in Sources */,
				D16445EE2713563500902AB1 /* SceneDelegate.swift in Sources */,
				D16446092713580500902AB1 /* Photo.swift in Sources */,
				D19C42F42725E3EB00D35928 /* PhotoGalleryModel.swift in Sources */,
			);
			runOnlyForDeploymentPostprocessing = 0;
		};
/* End PBXSourcesBuildPhase section */

/* Begin PBXVariantGroup section */
		D16445F62713563800902AB1 /* LaunchScreen.storyboard */ = {
			isa = PBXVariantGroup;
			children = (
				D16445F72713563800902AB1 /* Base */,
			);
			name = LaunchScreen.storyboard;
			sourceTree = "<group>";
		};
/* End PBXVariantGroup section */

/* Begin XCBuildConfiguration section */
		D16445FA2713563800902AB1 /* Debug */ = {
			isa = XCBuildConfiguration;
			buildSettings = {
				ALWAYS_SEARCH_USER_PATHS = NO;
				CLANG_ANALYZER_NONNULL = YES;
				CLANG_ANALYZER_NUMBER_OBJECT_CONVERSION = YES_AGGRESSIVE;
				CLANG_CXX_LANGUAGE_STANDARD = "gnu++17";
				CLANG_CXX_LIBRARY = "libc++";
				CLANG_ENABLE_MODULES = YES;
				CLANG_ENABLE_OBJC_ARC = YES;
				CLANG_ENABLE_OBJC_WEAK = YES;
				CLANG_WARN_BLOCK_CAPTURE_AUTORELEASING = YES;
				CLANG_WARN_BOOL_CONVERSION = YES;
				CLANG_WARN_COMMA = YES;
				CLANG_WARN_CONSTANT_CONVERSION = YES;
				CLANG_WARN_DEPRECATED_OBJC_IMPLEMENTATIONS = YES;
				CLANG_WARN_DIRECT_OBJC_ISA_USAGE = YES_ERROR;
				CLANG_WARN_DOCUMENTATION_COMMENTS = YES;
				CLANG_WARN_EMPTY_BODY = YES;
				CLANG_WARN_ENUM_CONVERSION = YES;
				CLANG_WARN_INFINITE_RECURSION = YES;
				CLANG_WARN_INT_CONVERSION = YES;
				CLANG_WARN_NON_LITERAL_NULL_CONVERSION = YES;
				CLANG_WARN_OBJC_IMPLICIT_RETAIN_SELF = YES;
				CLANG_WARN_OBJC_LITERAL_CONVERSION = YES;
				CLANG_WARN_OBJC_ROOT_CLASS = YES_ERROR;
				CLANG_WARN_QUOTED_INCLUDE_IN_FRAMEWORK_HEADER = YES;
				CLANG_WARN_RANGE_LOOP_ANALYSIS = YES;
				CLANG_WARN_STRICT_PROTOTYPES = YES;
				CLANG_WARN_SUSPICIOUS_MOVE = YES;
				CLANG_WARN_UNGUARDED_AVAILABILITY = YES_AGGRESSIVE;
				CLANG_WARN_UNREACHABLE_CODE = YES;
				CLANG_WARN__DUPLICATE_METHOD_MATCH = YES;
				COPY_PHASE_STRIP = NO;
				DEBUG_INFORMATION_FORMAT = dwarf;
				ENABLE_STRICT_OBJC_MSGSEND = YES;
				ENABLE_TESTABILITY = YES;
				GCC_C_LANGUAGE_STANDARD = gnu11;
				GCC_DYNAMIC_NO_PIC = NO;
				GCC_NO_COMMON_BLOCKS = YES;
				GCC_OPTIMIZATION_LEVEL = 0;
				GCC_PREPROCESSOR_DEFINITIONS = (
					"DEBUG=1",
					"$(inherited)",
				);
				GCC_WARN_64_TO_32_BIT_CONVERSION = YES;
				GCC_WARN_ABOUT_RETURN_TYPE = YES_ERROR;
				GCC_WARN_UNDECLARED_SELECTOR = YES;
				GCC_WARN_UNINITIALIZED_AUTOS = YES_AGGRESSIVE;
				GCC_WARN_UNUSED_FUNCTION = YES;
				GCC_WARN_UNUSED_VARIABLE = YES;
				IPHONEOS_DEPLOYMENT_TARGET = 15.0;
				MTL_ENABLE_DEBUG_INFO = INCLUDE_SOURCE;
				MTL_FAST_MATH = YES;
				ONLY_ACTIVE_ARCH = YES;
				SDKROOT = iphoneos;
				SWIFT_ACTIVE_COMPILATION_CONDITIONS = DEBUG;
				SWIFT_OPTIMIZATION_LEVEL = "-Onone";
			};
			name = Debug;
		};
		D16445FB2713563800902AB1 /* Release */ = {
			isa = XCBuildConfiguration;
			buildSettings = {
				ALWAYS_SEARCH_USER_PATHS = NO;
				CLANG_ANALYZER_NONNULL = YES;
				CLANG_ANALYZER_NUMBER_OBJECT_CONVERSION = YES_AGGRESSIVE;
				CLANG_CXX_LANGUAGE_STANDARD = "gnu++17";
				CLANG_CXX_LIBRARY = "libc++";
				CLANG_ENABLE_MODULES = YES;
				CLANG_ENABLE_OBJC_ARC = YES;
				CLANG_ENABLE_OBJC_WEAK = YES;
				CLANG_WARN_BLOCK_CAPTURE_AUTORELEASING = YES;
				CLANG_WARN_BOOL_CONVERSION = YES;
				CLANG_WARN_COMMA = YES;
				CLANG_WARN_CONSTANT_CONVERSION = YES;
				CLANG_WARN_DEPRECATED_OBJC_IMPLEMENTATIONS = YES;
				CLANG_WARN_DIRECT_OBJC_ISA_USAGE = YES_ERROR;
				CLANG_WARN_DOCUMENTATION_COMMENTS = YES;
				CLANG_WARN_EMPTY_BODY = YES;
				CLANG_WARN_ENUM_CONVERSION = YES;
				CLANG_WARN_INFINITE_RECURSION = YES;
				CLANG_WARN_INT_CONVERSION = YES;
				CLANG_WARN_NON_LITERAL_NULL_CONVERSION = YES;
				CLANG_WARN_OBJC_IMPLICIT_RETAIN_SELF = YES;
				CLANG_WARN_OBJC_LITERAL_CONVERSION = YES;
				CLANG_WARN_OBJC_ROOT_CLASS = YES_ERROR;
				CLANG_WARN_QUOTED_INCLUDE_IN_FRAMEWORK_HEADER = YES;
				CLANG_WARN_RANGE_LOOP_ANALYSIS = YES;
				CLANG_WARN_STRICT_PROTOTYPES = YES;
				CLANG_WARN_SUSPICIOUS_MOVE = YES;
				CLANG_WARN_UNGUARDED_AVAILABILITY = YES_AGGRESSIVE;
				CLANG_WARN_UNREACHABLE_CODE = YES;
				CLANG_WARN__DUPLICATE_METHOD_MATCH = YES;
				COPY_PHASE_STRIP = NO;
				DEBUG_INFORMATION_FORMAT = "dwarf-with-dsym";
				ENABLE_NS_ASSERTIONS = NO;
				ENABLE_STRICT_OBJC_MSGSEND = YES;
				GCC_C_LANGUAGE_STANDARD = gnu11;
				GCC_NO_COMMON_BLOCKS = YES;
				GCC_WARN_64_TO_32_BIT_CONVERSION = YES;
				GCC_WARN_ABOUT_RETURN_TYPE = YES_ERROR;
				GCC_WARN_UNDECLARED_SELECTOR = YES;
				GCC_WARN_UNINITIALIZED_AUTOS = YES_AGGRESSIVE;
				GCC_WARN_UNUSED_FUNCTION = YES;
				GCC_WARN_UNUSED_VARIABLE = YES;
				IPHONEOS_DEPLOYMENT_TARGET = 15.0;
				MTL_ENABLE_DEBUG_INFO = NO;
				MTL_FAST_MATH = YES;
				SDKROOT = iphoneos;
				SWIFT_COMPILATION_MODE = wholemodule;
				SWIFT_OPTIMIZATION_LEVEL = "-O";
				VALIDATE_PRODUCT = YES;
			};
			name = Release;
		};
		D16445FD2713563800902AB1 /* Debug */ = {
			isa = XCBuildConfiguration;
			buildSettings = {
				ASSETCATALOG_COMPILER_APPICON_NAME = AppIcon;
				ASSETCATALOG_COMPILER_GLOBAL_ACCENT_COLOR_NAME = AccentColor;
				CODE_SIGN_STYLE = Automatic;
				CURRENT_PROJECT_VERSION = 1;
				DEVELOPMENT_TEAM = TCJQCY9299;
				GENERATE_INFOPLIST_FILE = YES;
				INFOPLIST_FILE = "Task7UICollectionView(optional)/Info.plist";
				INFOPLIST_KEY_UIApplicationSupportsIndirectInputEvents = YES;
				INFOPLIST_KEY_UILaunchStoryboardName = LaunchScreen;
				INFOPLIST_KEY_UIMainStoryboardFile = LaunchScreen;
				INFOPLIST_KEY_UISupportedInterfaceOrientations = UIInterfaceOrientationPortrait;
				INFOPLIST_KEY_UISupportedInterfaceOrientations_iPad = "UIInterfaceOrientationPortrait UIInterfaceOrientationPortraitUpsideDown UIInterfaceOrientationLandscapeLeft UIInterfaceOrientationLandscapeRight";
				INFOPLIST_KEY_UISupportedInterfaceOrientations_iPhone = "UIInterfaceOrientationPortrait UIInterfaceOrientationLandscapeLeft UIInterfaceOrientationLandscapeRight";
				LD_RUNPATH_SEARCH_PATHS = (
					"$(inherited)",
					"@executable_path/Frameworks",
				);
				MARKETING_VERSION = 1.0;
				PRODUCT_BUNDLE_IDENTIFIER = "epam.Task7UICollectionView-optional-";
				PRODUCT_NAME = "$(TARGET_NAME)";
				SWIFT_EMIT_LOC_STRINGS = YES;
				SWIFT_VERSION = 5.0;
				TARGETED_DEVICE_FAMILY = "1,2";
			};
			name = Debug;
		};
		D16445FE2713563800902AB1 /* Release */ = {
			isa = XCBuildConfiguration;
			buildSettings = {
				ASSETCATALOG_COMPILER_APPICON_NAME = AppIcon;
				ASSETCATALOG_COMPILER_GLOBAL_ACCENT_COLOR_NAME = AccentColor;
				CODE_SIGN_STYLE = Automatic;
				CURRENT_PROJECT_VERSION = 1;
				DEVELOPMENT_TEAM = TCJQCY9299;
				GENERATE_INFOPLIST_FILE = YES;
				INFOPLIST_FILE = "Task7UICollectionView(optional)/Info.plist";
				INFOPLIST_KEY_UIApplicationSupportsIndirectInputEvents = YES;
				INFOPLIST_KEY_UILaunchStoryboardName = LaunchScreen;
				INFOPLIST_KEY_UIMainStoryboardFile = LaunchScreen;
				INFOPLIST_KEY_UISupportedInterfaceOrientations = UIInterfaceOrientationPortrait;
				INFOPLIST_KEY_UISupportedInterfaceOrientations_iPad = "UIInterfaceOrientationPortrait UIInterfaceOrientationPortraitUpsideDown UIInterfaceOrientationLandscapeLeft UIInterfaceOrientationLandscapeRight";
				INFOPLIST_KEY_UISupportedInterfaceOrientations_iPhone = "UIInterfaceOrientationPortrait UIInterfaceOrientationLandscapeLeft UIInterfaceOrientationLandscapeRight";
				LD_RUNPATH_SEARCH_PATHS = (
					"$(inherited)",
					"@executable_path/Frameworks",
				);
				MARKETING_VERSION = 1.0;
				PRODUCT_BUNDLE_IDENTIFIER = "epam.Task7UICollectionView-optional-";
				PRODUCT_NAME = "$(TARGET_NAME)";
				SWIFT_EMIT_LOC_STRINGS = YES;
				SWIFT_VERSION = 5.0;
				TARGETED_DEVICE_FAMILY = "1,2";
			};
			name = Release;
		};
/* End XCBuildConfiguration section */

/* Begin XCConfigurationList section */
		D16445E32713563500902AB1 /* Build configuration list for PBXProject "Task7UICollectionView(optional)" */ = {
			isa = XCConfigurationList;
			buildConfigurations = (
				D16445FA2713563800902AB1 /* Debug */,
				D16445FB2713563800902AB1 /* Release */,
			);
			defaultConfigurationIsVisible = 0;
			defaultConfigurationName = Release;
		};
		D16445FC2713563800902AB1 /* Build configuration list for PBXNativeTarget "Task7UICollectionView(optional)" */ = {
			isa = XCConfigurationList;
			buildConfigurations = (
				D16445FD2713563800902AB1 /* Debug */,
				D16445FE2713563800902AB1 /* Release */,
			);
			defaultConfigurationIsVisible = 0;
			defaultConfigurationName = Release;
		};
/* End XCConfigurationList section */
	};
	rootObject = D16445E02713563500902AB1 /* Project object */;
}
